
Microsoft Visual Studio Solution File, Format Version 12.00
# Visual Studio Version 17
VisualStudioVersion = 17.5.001.0
MinimumVisualStudioVersion = 10.0.40219.1
Project("{9A19103F-16F7-4668-BE54-9A1E7A4F7556}") = "ChatCSS", "ChatCSS.csproj", "{7DAC9586-87EA-4B85-B496-9CC93DE923EC}"
EndProject
Global
	GlobalSection(SolutionConfigurationPlatforms) = preSolution
		Debug|Any CPU = Debug|Any CPU
		Release|Any CPU = Release|Any CPU
	EndGlobalSection
	GlobalSection(ProjectConfigurationPlatforms) = postSolution
		{7DAC9586-87EA-4B85-B496-9CC93DE923EC}.Debug|Any CPU.ActiveCfg = Debug|Any CPU
		{7DAC9586-87EA-4B85-B496-9CC93DE923EC}.Debug|Any CPU.Build.0 = Debug|Any CPU
		{7DAC9586-87EA-4B85-B496-9CC93DE923EC}.Release|Any CPU.ActiveCfg = Release|Any CPU
		{7DAC9586-87EA-4B85-B496-9CC93DE923EC}.Release|Any CPU.Build.0 = Release|Any CPU
	EndGlobalSection
	GlobalSection(SolutionProperties) = preSolution
		HideSolutionNode = FALSE
	EndGlobalSection
	GlobalSection(ExtensibilityGlobals) = postSolution
		SolutionGuid = {61AEA733-557E-468E-86DD-9E063A2C6E7A}
	EndGlobalSection
EndGlobal
